// !$*UTF8*$!
{
	archiveVersion = 1;
	classes = {
	};
	objectVersion = 46;
	objects = {

/* Begin PBXBuildFile section */
		38B812AC1C82B02F009DABF2 /* AppDelegate.swift in Sources */ = {isa = PBXBuildFile; fileRef = 38B812AB1C82B02F009DABF2 /* AppDelegate.swift */; };
		38B812AE1C82B02F009DABF2 /* ViewController.swift in Sources */ = {isa = PBXBuildFile; fileRef = 38B812AD1C82B02F009DABF2 /* ViewController.swift */; };
		38B812B11C82B02F009DABF2 /* Main.storyboard in Resources */ = {isa = PBXBuildFile; fileRef = 38B812AF1C82B02F009DABF2 /* Main.storyboard */; };
		38B812B31C82B02F009DABF2 /* Assets.xcassets in Resources */ = {isa = PBXBuildFile; fileRef = 38B812B21C82B02F009DABF2 /* Assets.xcassets */; };
		38B812B61C82B02F009DABF2 /* LaunchScreen.storyboard in Resources */ = {isa = PBXBuildFile; fileRef = 38B812B41C82B02F009DABF2 /* LaunchScreen.storyboard */; };
/* End PBXBuildFile section */

/* Begin PBXFileReference section */
		38B812A81C82B02F009DABF2 /* Ex2HideBombs.app */ = {isa = PBXFileReference; explicitFileType = wrapper.application; includeInIndex = 0; path = Ex2HideBombs.app; sourceTree = BUILT_PRODUCTS_DIR; };
		38B812AB1C82B02F009DABF2 /* AppDelegate.swift */ = {isa = PBXFileReference; lastKnownFileType = sourcecode.swift; path = AppDelegate.swift; sourceTree = "<group>"; };
		38B812AD1C82B02F009DABF2 /* ViewController.swift */ = {isa = PBXFileReference; lastKnownFileType = sourcecode.swift; path = ViewController.swift; sourceTree = "<group>"; };
		38B812B01C82B02F009DABF2 /* Base */ = {isa = PBXFileReference; lastKnownFileType = file.storyboard; name = Base; path = Base.lproj/Main.storyboard; sourceTree = "<group>"; };
		38B812B21C82B02F009DABF2 /* Assets.xcassets */ = {isa = PBXFileReference; lastKnownFileType = folder.assetcatalog; path = Assets.xcassets; sourceTree = "<group>"; };
		38B812B51C82B02F009DABF2 /* Base */ = {isa = PBXFileReference; lastKnownFileType = file.storyboard; name = Base; path = Base.lproj/LaunchScreen.storyboard; sourceTree = "<group>"; };
		38B812B71C82B02F009DABF2 /* Info.plist */ = {isa = PBXFileReference; lastKnownFileType = text.plist.xml; path = Info.plist; sourceTree = "<group>"; };
/* End PBXFileReference section */

/* Begin PBXFrameworksBuildPhase section */
		38B812A51C82B02F009DABF2 /* Frameworks */ = {
			isa = PBXFrameworksBuildPhase;
			buildActionMask = 2147483647;
			files = (
			);
			runOnlyForDeploymentPostprocessing = 0;
		};
/* End PBXFrameworksBuildPhase section */

/* Begin PBXGroup section */
		38B8129F1C82B02F009DABF2 = {
			isa = PBXGroup;
			children = (
				38B812AA1C82B02F009DABF2 /* Ex2HideBombs */,
				38B812A91C82B02F009DABF2 /* Products */,
			);
			sourceTree = "<group>";
		};
		38B812A91C82B02F009DABF2 /* Products */ = {
			isa = PBXGroup;
			children = (
				38B812A81C82B02F009DABF2 /* Ex2HideBombs.app */,
			);
			name = Products;
			sourceTree = "<group>";
		};
		38B812AA1C82B02F009DABF2 /* Ex2HideBombs */ = {
			isa = PBXGroup;
			children = (
				38B812AB1C82B02F009DABF2 /* AppDelegate.swift */,
				38B812AD1C82B02F009DABF2 /* ViewController.swift */,
				38B812AF1C82B02F009DABF2 /* Main.storyboard */,
				38B812B21C82B02F009DABF2 /* Assets.xcassets */,
				38B812B41C82B02F009DABF2 /* LaunchScreen.storyboard */,
				38B812B71C82B02F009DABF2 /* Info.plist */,
			);
			path = Ex2HideBombs;
			sourceTree = "<group>";
		};
/* End PBXGroup section */

/* Begin PBXNativeTarget section */
		38B812A71C82B02F009DABF2 /* Ex2HideBombs */ = {
			isa = PBXNativeTarget;
			buildConfigurationList = 38B812BA1C82B02F009DABF2 /* Build configuration list for PBXNativeTarget "Ex2HideBombs" */;
			buildPhases = (
				38B812A41C82B02F009DABF2 /* Sources */,
				38B812A51C82B02F009DABF2 /* Frameworks */,
				38B812A61C82B02F009DABF2 /* Resources */,
			);
			buildRules = (
			);
			dependencies = (
			);
			name = Ex2HideBombs;
			productName = Ex2HideBombs;
			productReference = 38B812A81C82B02F009DABF2 /* Ex2HideBombs.app */;
			productType = "com.apple.product-type.application";
		};
/* End PBXNativeTarget section */

/* Begin PBXProject section */
		38B812A01C82B02F009DABF2 /* Project object */ = {
			isa = PBXProject;
			attributes = {
				LastSwiftUpdateCheck = 0720;
				LastUpgradeCheck = 0720;
				ORGANIZATIONNAME = "Avinash Buruguru";
				TargetAttributes = {
					38B812A71C82B02F009DABF2 = {
						CreatedOnToolsVersion = 7.2.1;
						DevelopmentTeam = 7R4ZF9B89S;
					};
				};
			};
			buildConfigurationList = 38B812A31C82B02F009DABF2 /* Build configuration list for PBXProject "Ex2HideBombs" */;
			compatibilityVersion = "Xcode 3.2";
			developmentRegion = English;
			hasScannedForEncodings = 0;
			knownRegions = (
				en,
				Base,
			);
			mainGroup = 38B8129F1C82B02F009DABF2;
			productRefGroup = 38B812A91C82B02F009DABF2 /* Products */;
			projectDirPath = "";
			projectRoot = "";
			targets = (
				38B812A71C82B02F009DABF2 /* Ex2HideBombs */,
			);
		};
/* End PBXProject section */

/* Begin PBXResourcesBuildPhase section */
		38B812A61C82B02F009DABF2 /* Resources */ = {
			isa = PBXResourcesBuildPhase;
			buildActionMask = 2147483647;
			files = (
				38B812B61C82B02F009DABF2 /* LaunchScreen.storyboard in Resources */,
				38B812B31C82B02F009DABF2 /* Assets.xcassets in Resources */,
				38B812B11C82B02F009DABF2 /* Main.storyboard in Resources */,
			);
			runOnlyForDeploymentPostprocessing = 0;
		};
/* End PBXResourcesBuildPhase section */

/* Begin PBXSourcesBuildPhase section */
		38B812A41C82B02F009DABF2 /* Sources */ = {
			isa = PBXSourcesBuildPhase;
			buildActionMask = 2147483647;
			files = (
				38B812AE1C82B02F009DABF2 /* ViewController.swift in Sources */,
				38B812AC1C82B02F009DABF2 /* AppDelegate.swift in Sources */,
			);
			runOnlyForDeploymentPostprocessing = 0;
		};
/* End PBXSourcesBuildPhase section */

/* Begin PBXVariantGroup section */
		38B812AF1C82B02F009DABF2 /* Main.storyboard */ = {
			isa = PBXVariantGroup;
			children = (
				38B812B01C82B02F009DABF2 /* Base */,
			);
			name = Main.storyboard;
			sourceTree = "<group>";
		};
		38B812B41C82B02F009DABF2 /* LaunchScreen.storyboard */ = {
			isa = PBXVariantGroup;
			children = (
				38B812B51C82B02F009DABF2 /* Base */,
			);
			name = LaunchScreen.storyboard;
			sourceTree = "<group>";
		};
/* End PBXVariantGroup section */

/* Begin XCBuildConfiguration section */
		38B812B81C82B02F009DABF2 /* Debug */ = {
			isa = XCBuildConfiguration;
			buildSettings = {
				ALWAYS_SEARCH_USER_PATHS = NO;
				CLANG_CXX_LANGUAGE_STANDARD = "gnu++0x";
				CLANG_CXX_LIBRARY = "libc++";
				CLANG_ENABLE_MODULES = YES;
				CLANG_ENABLE_OBJC_ARC = YES;
				CLANG_WARN_BOOL_CONVERSION = YES;
				CLANG_WARN_CONSTANT_CONVERSION = YES;
				CLANG_WARN_DIRECT_OBJC_ISA_USAGE = YES_ERROR;
				CLANG_WARN_EMPTY_BODY = YES;
				CLANG_WARN_ENUM_CONVERSION = YES;
				CLANG_WARN_INT_CONVERSION = YES;
				CLANG_WARN_OBJC_ROOT_CLASS = YES_ERROR;
				CLANG_WARN_UNREACHABLE_CODE = YES;
				CLANG_WARN__DUPLICATE_METHOD_MATCH = YES;
				"CODE_SIGN_IDENTITY[sdk=iphoneos*]" = "iPhone Developer";
				COPY_PHASE_STRIP = NO;
				DEBUG_INFORMATION_FORMAT = dwarf;
				ENABLE_STRICT_OBJC_MSGSEND = YES;
				ENABLE_TESTABILITY = YES;
				GCC_C_LANGUAGE_STANDARD = gnu99;
				GCC_DYNAMIC_NO_PIC = NO;
				GCC_NO_COMMON_BLOCKS = YES;
				GCC_OPTIMIZATION_LEVEL = 0;
				GCC_PREPROCESSOR_DEFINITIONS = (
					"DEBUG=1",
					"$(inherited)",
				);
				GCC_WARN_64_TO_32_BIT_CONVERSION = YES;
				GCC_WARN_ABOUT_RETURN_TYPE = YES_ERROR;
				GCC_WARN_UNDECLARED_SELECTOR = YES;
				GCC_WARN_UNINITIALIZED_AUTOS = YES_AGGRESSIVE;
				GCC_WARN_UNUSED_FUNCTION = YES;
				GCC_WARN_UNUSED_VARIABLE = YES;
				IPHONEOS_DEPLOYMENT_TARGET = 9.2;
				MTL_ENABLE_DEBUG_INFO = YES;
				ONLY_ACTIVE_ARCH = YES;
				SDKROOT = iphoneos;
				SWIFT_OPTIMIZATION_LEVEL = "-Onone";
			};
			name = Debug;
		};
		38B812B91C82B02F009DABF2 /* Release */ = {
			isa = XCBuildConfiguration;
			buildSettings = {
				ALWAYS_SEARCH_USER_PATHS = NO;
				CLANG_CXX_LANGUAGE_STANDARD = "gnu++0x";
				CLANG_CXX_LIBRARY = "libc++";
				CLANG_ENABLE_MODULES = YES;
				CLANG_ENABLE_OBJC_ARC = YES;
				CLANG_WARN_BOOL_CONVERSION = YES;
				CLANG_WARN_CONSTANT_CONVERSION = YES;
				CLANG_WARN_DIRECT_OBJC_ISA_USAGE = YES_ERROR;
				CLANG_WARN_EMPTY_BODY = YES;
				CLANG_WARN_ENUM_CONVERSION = YES;
				CLANG_WARN_INT_CONVERSION = YES;
				CLANG_WARN_OBJC_ROOT_CLASS = YES_ERROR;
				CLANG_WARN_UNREACHABLE_CODE = YES;
				CLANG_WARN__DUPLICATE_METHOD_MATCH = YES;
				"CODE_SIGN_IDENTITY[sdk=iphoneos*]" = "iPhone Developer";
				COPY_PHASE_STRIP = NO;
				DEBUG_INFORMATION_FORMAT = "dwarf-with-dsym";
				ENABLE_NS_ASSERTIONS = NO;
				ENABLE_STRICT_OBJC_MSGSEND = YES;
				GCC_C_LANGUAGE_STANDARD = gnu99;
				GCC_NO_COMMON_BLOCKS = YES;
				GCC_WARN_64_TO_32_BIT_CONVERSION = YES;
				GCC_WARN_ABOUT_RETURN_TYPE = YES_ERROR;
				GCC_WARN_UNDECLARED_SELECTOR = YES;
				GCC_WARN_UNINITIALIZED_AUTOS = YES_AGGRESSIVE;
				GCC_WARN_UNUSED_FUNCTION = YES;
				GCC_WARN_UNUSED_VARIABLE = YES;
				IPHONEOS_DEPLOYMENT_TARGET = 9.2;
				MTL_ENABLE_DEBUG_INFO = NO;
				SDKROOT = iphoneos;
				VALIDATE_PRODUCT = YES;
			};
			name = Release;
		};
		38B812BB1C82B02F009DABF2 /* Debug */ = {
			isa = XCBuildConfiguration;
			buildSettings = {
				ASSETCATALOG_COMPILER_APPICON_NAME = AppIcon;
				CODE_SIGN_IDENTITY = "iPhone Developer";
				INFOPLIST_FILE = Ex2HideBombs/Info.plist;
				LD_RUNPATH_SEARCH_PATHS = "$(inherited) @executable_path/Frameworks";
				PRODUCT_BUNDLE_IDENTIFIER = com.bavinash.Ex2HideBombs;
				PRODUCT_NAME = "$(TARGET_NAME)";
			};
			name = Debug;
		};
		38B812BC1C82B02F009DABF2 /* Release */ = {
			isa = XCBuildConfiguration;
			buildSettings = {
				ASSETCATALOG_COMPILER_APPICON_NAME = AppIcon;
				CODE_SIGN_IDENTITY = "iPhone Developer";
				INFOPLIST_FILE = Ex2HideBombs/Info.plist;
				LD_RUNPATH_SEARCH_PATHS = "$(inherited) @executable_path/Frameworks";
				PRODUCT_BUNDLE_IDENTIFIER = com.bavinash.Ex2HideBombs;
				PRODUCT_NAME = "$(TARGET_NAME)";
			};
			name = Release;
		};
/* End XCBuildConfiguration section */

/* Begin XCConfigurationList section */
		38B812A31C82B02F009DABF2 /* Build configuration list for PBXProject "Ex2HideBombs" */ = {
			isa = XCConfigurationList;
			buildConfigurations = (
				38B812B81C82B02F009DABF2 /* Debug */,
				38B812B91C82B02F009DABF2 /* Release */,
			);
			defaultConfigurationIsVisible = 0;
			defaultConfigurationName = Release;
		};
		38B812BA1C82B02F009DABF2 /* Build configuration list for PBXNativeTarget "Ex2HideBombs" */ = {
			isa = XCConfigurationList;
			buildConfigurations = (
				38B812BB1C82B02F009DABF2 /* Debug */,
				38B812BC1C82B02F009DABF2 /* Release */,
			);
			defaultConfigurationIsVisible = 0;
		};
/* End XCConfigurationList section */
	};
	rootObject = 38B812A01C82B02F009DABF2 /* Project object */;
}
